
Microsoft Visual Studio Solution File, Format Version 12.00
# Visual Studio Version 16
VisualStudioVersion = 16.0.30503.244
MinimumVisualStudioVersion = 10.0.40219.1
Project("{9A19103F-16F7-4668-BE54-9A1E7A4F7556}") = "regexdemo", "regex demo\regexdemo.csproj", "{34BECE5D-B7D5-467C-A62B-EE886ECD892A}"
EndProject
Project("{FAE04EC0-301F-11D3-BF4B-00C04F79EFBC}") = "UnitTestProject1", "UnitTestProject1\UnitTestProject1.csproj", "{4EF15DF0-C9CB-408B-9794-AF2417F4509E}"
EndProject
Global
	GlobalSection(SolutionConfigurationPlatforms) = preSolution
		Debug|Any CPU = Debug|Any CPU
		Release|Any CPU = Release|Any CPU
	EndGlobalSection
	GlobalSection(ProjectConfigurationPlatforms) = postSolution
		{34BECE5D-B7D5-467C-A62B-EE886ECD892A}.Debug|Any CPU.ActiveCfg = Debug|Any CPU
		{34BECE5D-B7D5-467C-A62B-EE886ECD892A}.Debug|Any CPU.Build.0 = Debug|Any CPU
		{34BECE5D-B7D5-467C-A62B-EE886ECD892A}.Release|Any CPU.ActiveCfg = Release|Any CPU
		{34BECE5D-B7D5-467C-A62B-EE886ECD892A}.Release|Any CPU.Build.0 = Release|Any CPU
		{4EF15DF0-C9CB-408B-9794-AF2417F4509E}.Debug|Any CPU.ActiveCfg = Debug|Any CPU
		{4EF15DF0-C9CB-408B-9794-AF2417F4509E}.Debug|Any CPU.Build.0 = Debug|Any CPU
		{4EF15DF0-C9CB-408B-9794-AF2417F4509E}.Release|Any CPU.ActiveCfg = Release|Any CPU
		{4EF15DF0-C9CB-408B-9794-AF2417F4509E}.Release|Any CPU.Build.0 = Release|Any CPU
	EndGlobalSection
	GlobalSection(SolutionProperties) = preSolution
		HideSolutionNode = FALSE
	EndGlobalSection
	GlobalSection(ExtensibilityGlobals) = postSolution
		SolutionGuid = {7D1C3EC2-657A-4D8B-9F9C-A5337D33817A}
	EndGlobalSection
EndGlobal
